
Microsoft Visual Studio Solution File, Format Version 12.00
# Visual Studio Version 16
VisualStudioVersion = 16.0.810.25
MinimumVisualStudioVersion = 10.0.40219.1
Project("{FAE04EC0-301F-11D3-BF4B-00C04F79EFBC}") = "learning-c-sharp", "learning-c-sharp.csproj", "{4F960386-3814-4402-9D7F-A2131148EFA8}"
EndProject
Global
	GlobalSection(SolutionConfigurationPlatforms) = preSolution
		Debug|anycpu = Debug|anycpu
		Release|anycpu = Release|anycpu
	EndGlobalSection
	GlobalSection(ProjectConfigurationPlatforms) = postSolution
		{4F960386-3814-4402-9D7F-A2131148EFA8}.Debug|anycpu.ActiveCfg = Debug|anycpu
		{4F960386-3814-4402-9D7F-A2131148EFA8}.Debug|anycpu.Build.0 = Debug|anycpu
		{4F960386-3814-4402-9D7F-A2131148EFA8}.Release|anycpu.ActiveCfg = Release|anycpu
		{4F960386-3814-4402-9D7F-A2131148EFA8}.Release|anycpu.Build.0 = Release|anycpu
	EndGlobalSection
	GlobalSection(SolutionProperties) = preSolution
		HideSolutionNode = FALSE
	EndGlobalSection
	GlobalSection(ExtensibilityGlobals) = postSolution
		SolutionGuid = {48BCDC54-DCCB-4EC2-94F2-4FE456F48F8C}
	EndGlobalSection
EndGlobal
